// !$*UTF8*$!
{
	archiveVersion = 1;
	classes = {
	};
	objectVersion = 46;
	objects = {

/* Begin PBXBuildFile section */
		0052C0F3206EDE4600D99AFA /* SearchViewController.swift in Sources */ = {isa = PBXBuildFile; fileRef = 0052C0F2206EDE4600D99AFA /* SearchViewController.swift */; };
		0052C0F62070103800D99AFA /* HttpHandler.swift in Sources */ = {isa = PBXBuildFile; fileRef = 0052C0F52070103800D99AFA /* HttpHandler.swift */; };
		0052C0F82071003200D99AFA /* jsonParser.swift in Sources */ = {isa = PBXBuildFile; fileRef = 0052C0F72071003200D99AFA /* jsonParser.swift */; };
		0052C0FA2071028D00D99AFA /* MovieDataProcessor.swift in Sources */ = {isa = PBXBuildFile; fileRef = 0052C0F92071028D00D99AFA /* MovieDataProcessor.swift */; };
		00AF6FA3206D53F2009EF7DB /* AppDelegate.swift in Sources */ = {isa = PBXBuildFile; fileRef = 00AF6FA2206D53F2009EF7DB /* AppDelegate.swift */; };
		00AF6FA5206D53F2009EF7DB /* ViewController.swift in Sources */ = {isa = PBXBuildFile; fileRef = 00AF6FA4206D53F2009EF7DB /* ViewController.swift */; };
		00AF6FA8206D53F2009EF7DB /* Main.storyboard in Resources */ = {isa = PBXBuildFile; fileRef = 00AF6FA6206D53F2009EF7DB /* Main.storyboard */; };
		00AF6FAA206D53F2009EF7DB /* Assets.xcassets in Resources */ = {isa = PBXBuildFile; fileRef = 00AF6FA9206D53F2009EF7DB /* Assets.xcassets */; };
		00AF6FAD206D53F2009EF7DB /* LaunchScreen.storyboard in Resources */ = {isa = PBXBuildFile; fileRef = 00AF6FAB206D53F2009EF7DB /* LaunchScreen.storyboard */; };
		00AF6FB5206D5982009EF7DB /* CustomTableViewCell.swift in Sources */ = {isa = PBXBuildFile; fileRef = 00AF6FB4206D5982009EF7DB /* CustomTableViewCell.swift */; };
		00C5365E206E4B0300987848 /* Movie.swift in Sources */ = {isa = PBXBuildFile; fileRef = 00C5365D206E4B0300987848 /* Movie.swift */; };
/* End PBXBuildFile section */

/* Begin PBXFileReference section */
		0052C0F2206EDE4600D99AFA /* SearchViewController.swift */ = {isa = PBXFileReference; fileEncoding = 4; lastKnownFileType = sourcecode.swift; path = SearchViewController.swift; sourceTree = "<group>"; };
		0052C0F52070103800D99AFA /* HttpHandler.swift */ = {isa = PBXFileReference; fileEncoding = 4; lastKnownFileType = sourcecode.swift; path = HttpHandler.swift; sourceTree = "<group>"; };
		0052C0F72071003200D99AFA /* jsonParser.swift */ = {isa = PBXFileReference; fileEncoding = 4; lastKnownFileType = sourcecode.swift; path = jsonParser.swift; sourceTree = "<group>"; };
		0052C0F92071028D00D99AFA /* MovieDataProcessor.swift */ = {isa = PBXFileReference; fileEncoding = 4; lastKnownFileType = sourcecode.swift; path = MovieDataProcessor.swift; sourceTree = "<group>"; };
		00AF6F9F206D53F2009EF7DB /* favourite-movies.app */ = {isa = PBXFileReference; explicitFileType = wrapper.application; includeInIndex = 0; path = "favourite-movies.app"; sourceTree = BUILT_PRODUCTS_DIR; };
		00AF6FA2206D53F2009EF7DB /* AppDelegate.swift */ = {isa = PBXFileReference; lastKnownFileType = sourcecode.swift; path = AppDelegate.swift; sourceTree = "<group>"; };
		00AF6FA4206D53F2009EF7DB /* ViewController.swift */ = {isa = PBXFileReference; lastKnownFileType = sourcecode.swift; path = ViewController.swift; sourceTree = "<group>"; };
		00AF6FA7206D53F2009EF7DB /* Base */ = {isa = PBXFileReference; lastKnownFileType = file.storyboard; name = Base; path = Base.lproj/Main.storyboard; sourceTree = "<group>"; };
		00AF6FA9206D53F2009EF7DB /* Assets.xcassets */ = {isa = PBXFileReference; lastKnownFileType = folder.assetcatalog; path = Assets.xcassets; sourceTree = "<group>"; };
		00AF6FAC206D53F2009EF7DB /* Base */ = {isa = PBXFileReference; lastKnownFileType = file.storyboard; name = Base; path = Base.lproj/LaunchScreen.storyboard; sourceTree = "<group>"; };
		00AF6FAE206D53F2009EF7DB /* Info.plist */ = {isa = PBXFileReference; lastKnownFileType = text.plist.xml; path = Info.plist; sourceTree = "<group>"; };
		00AF6FB4206D5982009EF7DB /* CustomTableViewCell.swift */ = {isa = PBXFileReference; fileEncoding = 4; lastKnownFileType = sourcecode.swift; path = CustomTableViewCell.swift; sourceTree = "<group>"; };
		00C5365D206E4B0300987848 /* Movie.swift */ = {isa = PBXFileReference; fileEncoding = 4; lastKnownFileType = sourcecode.swift; path = Movie.swift; sourceTree = "<group>"; };
/* End PBXFileReference section */

/* Begin PBXFrameworksBuildPhase section */
		00AF6F9C206D53F2009EF7DB /* Frameworks */ = {
			isa = PBXFrameworksBuildPhase;
			buildActionMask = 2147483647;
			files = (
			);
			runOnlyForDeploymentPostprocessing = 0;
		};
/* End PBXFrameworksBuildPhase section */

/* Begin PBXGroup section */
		0052C0F4206EDE6300D99AFA /* ViewControllers */ = {
			isa = PBXGroup;
			children = (
				00AF6FA4206D53F2009EF7DB /* ViewController.swift */,
				0052C0F2206EDE4600D99AFA /* SearchViewController.swift */,
			);
			name = ViewControllers;
			sourceTree = "<group>";
		};
		0052C0FB207242E200D99AFA /* Code */ = {
			isa = PBXGroup;
			children = (
				00AF6FA2206D53F2009EF7DB /* AppDelegate.swift */,
				0052C0F52070103800D99AFA /* HttpHandler.swift */,
				00C5365D206E4B0300987848 /* Movie.swift */,
				0052C0F72071003200D99AFA /* jsonParser.swift */,
				0052C0F92071028D00D99AFA /* MovieDataProcessor.swift */,
			);
			name = Code;
			sourceTree = "<group>";
		};
		0052C0FC2072431B00D99AFA /* TableView */ = {
			isa = PBXGroup;
			children = (
				00AF6FB4206D5982009EF7DB /* CustomTableViewCell.swift */,
			);
			name = TableView;
			sourceTree = "<group>";
		};
		00AF6F96206D53F2009EF7DB = {
			isa = PBXGroup;
			children = (
				00AF6FA1206D53F2009EF7DB /* favourite-movies */,
				00AF6FA0206D53F2009EF7DB /* Products */,
			);
			sourceTree = "<group>";
		};
		00AF6FA0206D53F2009EF7DB /* Products */ = {
			isa = PBXGroup;
			children = (
				00AF6F9F206D53F2009EF7DB /* favourite-movies.app */,
			);
			name = Products;
			sourceTree = "<group>";
		};
		00AF6FA1206D53F2009EF7DB /* favourite-movies */ = {
			isa = PBXGroup;
			children = (
				0052C0FC2072431B00D99AFA /* TableView */,
				0052C0FB207242E200D99AFA /* Code */,
				0052C0F4206EDE6300D99AFA /* ViewControllers */,
				00AF6FA6206D53F2009EF7DB /* Main.storyboard */,
				00AF6FA9206D53F2009EF7DB /* Assets.xcassets */,
				00AF6FAB206D53F2009EF7DB /* LaunchScreen.storyboard */,
				00AF6FAE206D53F2009EF7DB /* Info.plist */,
			);
			path = "favourite-movies";
			sourceTree = "<group>";
		};
/* End PBXGroup section */

/* Begin PBXNativeTarget section */
		00AF6F9E206D53F2009EF7DB /* favourite-movies */ = {
			isa = PBXNativeTarget;
			buildConfigurationList = 00AF6FB1206D53F2009EF7DB /* Build configuration list for PBXNativeTarget "favourite-movies" */;
			buildPhases = (
				00AF6F9B206D53F2009EF7DB /* Sources */,
				00AF6F9C206D53F2009EF7DB /* Frameworks */,
				00AF6F9D206D53F2009EF7DB /* Resources */,
			);
			buildRules = (
			);
			dependencies = (
			);
			name = "favourite-movies";
			productName = "favourite-movies";
			productReference = 00AF6F9F206D53F2009EF7DB /* favourite-movies.app */;
			productType = "com.apple.product-type.application";
		};
/* End PBXNativeTarget section */

/* Begin PBXProject section */
		00AF6F97206D53F2009EF7DB /* Project object */ = {
			isa = PBXProject;
			attributes = {
				LastSwiftUpdateCheck = 0830;
				LastUpgradeCheck = 0830;
				ORGANIZATIONNAME = Midax;
				TargetAttributes = {
					00AF6F9E206D53F2009EF7DB = {
						CreatedOnToolsVersion = 8.3.3;
						ProvisioningStyle = Automatic;
					};
				};
			};
			buildConfigurationList = 00AF6F9A206D53F2009EF7DB /* Build configuration list for PBXProject "favourite-movies" */;
			compatibilityVersion = "Xcode 3.2";
			developmentRegion = English;
			hasScannedForEncodings = 0;
			knownRegions = (
				en,
				Base,
			);
			mainGroup = 00AF6F96206D53F2009EF7DB;
			productRefGroup = 00AF6FA0206D53F2009EF7DB /* Products */;
			projectDirPath = "";
			projectRoot = "";
			targets = (
				00AF6F9E206D53F2009EF7DB /* favourite-movies */,
			);
		};
/* End PBXProject section */

/* Begin PBXResourcesBuildPhase section */
		00AF6F9D206D53F2009EF7DB /* Resources */ = {
			isa = PBXResourcesBuildPhase;
			buildActionMask = 2147483647;
			files = (
				00AF6FAD206D53F2009EF7DB /* LaunchScreen.storyboard in Resources */,
				00AF6FAA206D53F2009EF7DB /* Assets.xcassets in Resources */,
				00AF6FA8206D53F2009EF7DB /* Main.storyboard in Resources */,
			);
			runOnlyForDeploymentPostprocessing = 0;
		};
/* End PBXResourcesBuildPhase section */

/* Begin PBXSourcesBuildPhase section */
		00AF6F9B206D53F2009EF7DB /* Sources */ = {
			isa = PBXSourcesBuildPhase;
			buildActionMask = 2147483647;
			files = (
				0052C0F3206EDE4600D99AFA /* SearchViewController.swift in Sources */,
				00AF6FB5206D5982009EF7DB /* CustomTableViewCell.swift in Sources */,
				0052C0F82071003200D99AFA /* jsonParser.swift in Sources */,
				00AF6FA5206D53F2009EF7DB /* ViewController.swift in Sources */,
				00C5365E206E4B0300987848 /* Movie.swift in Sources */,
				0052C0FA2071028D00D99AFA /* MovieDataProcessor.swift in Sources */,
				0052C0F62070103800D99AFA /* HttpHandler.swift in Sources */,
				00AF6FA3206D53F2009EF7DB /* AppDelegate.swift in Sources */,
			);
			runOnlyForDeploymentPostprocessing = 0;
		};
/* End PBXSourcesBuildPhase section */

/* Begin PBXVariantGroup section */
		00AF6FA6206D53F2009EF7DB /* Main.storyboard */ = {
			isa = PBXVariantGroup;
			children = (
				00AF6FA7206D53F2009EF7DB /* Base */,
			);
			name = Main.storyboard;
			sourceTree = "<group>";
		};
		00AF6FAB206D53F2009EF7DB /* LaunchScreen.storyboard */ = {
			isa = PBXVariantGroup;
			children = (
				00AF6FAC206D53F2009EF7DB /* Base */,
			);
			name = LaunchScreen.storyboard;
			sourceTree = "<group>";
		};
/* End PBXVariantGroup section */

/* Begin XCBuildConfiguration section */
		00AF6FAF206D53F2009EF7DB /* Debug */ = {
			isa = XCBuildConfiguration;
			buildSettings = {
				ALWAYS_SEARCH_USER_PATHS = NO;
				CLANG_ANALYZER_NONNULL = YES;
				CLANG_ANALYZER_NUMBER_OBJECT_CONVERSION = YES_AGGRESSIVE;
				CLANG_CXX_LANGUAGE_STANDARD = "gnu++0x";
				CLANG_CXX_LIBRARY = "libc++";
				CLANG_ENABLE_MODULES = YES;
				CLANG_ENABLE_OBJC_ARC = YES;
				CLANG_WARN_BOOL_CONVERSION = YES;
				CLANG_WARN_CONSTANT_CONVERSION = YES;
				CLANG_WARN_DIRECT_OBJC_ISA_USAGE = YES_ERROR;
				CLANG_WARN_DOCUMENTATION_COMMENTS = YES;
				CLANG_WARN_EMPTY_BODY = YES;
				CLANG_WARN_ENUM_CONVERSION = YES;
				CLANG_WARN_INFINITE_RECURSION = YES;
				CLANG_WARN_INT_CONVERSION = YES;
				CLANG_WARN_OBJC_ROOT_CLASS = YES_ERROR;
				CLANG_WARN_SUSPICIOUS_MOVE = YES;
				CLANG_WARN_UNREACHABLE_CODE = YES;
				CLANG_WARN__DUPLICATE_METHOD_MATCH = YES;
				"CODE_SIGN_IDENTITY[sdk=iphoneos*]" = "iPhone Developer";
				COPY_PHASE_STRIP = NO;
				DEBUG_INFORMATION_FORMAT = dwarf;
				ENABLE_STRICT_OBJC_MSGSEND = YES;
				ENABLE_TESTABILITY = YES;
				GCC_C_LANGUAGE_STANDARD = gnu99;
				GCC_DYNAMIC_NO_PIC = NO;
				GCC_NO_COMMON_BLOCKS = YES;
				GCC_OPTIMIZATION_LEVEL = 0;
				GCC_PREPROCESSOR_DEFINITIONS = (
					"DEBUG=1",
					"$(inherited)",
				);
				GCC_WARN_64_TO_32_BIT_CONVERSION = YES;
				GCC_WARN_ABOUT_RETURN_TYPE = YES_ERROR;
				GCC_WARN_UNDECLARED_SELECTOR = YES;
				GCC_WARN_UNINITIALIZED_AUTOS = YES_AGGRESSIVE;
				GCC_WARN_UNUSED_FUNCTION = YES;
				GCC_WARN_UNUSED_VARIABLE = YES;
				IPHONEOS_DEPLOYMENT_TARGET = 10.3;
				MTL_ENABLE_DEBUG_INFO = YES;
				ONLY_ACTIVE_ARCH = YES;
				SDKROOT = iphoneos;
				SWIFT_ACTIVE_COMPILATION_CONDITIONS = DEBUG;
				SWIFT_OPTIMIZATION_LEVEL = "-Onone";
			};
			name = Debug;
		};
		00AF6FB0206D53F2009EF7DB /* Release */ = {
			isa = XCBuildConfiguration;
			buildSettings = {
				ALWAYS_SEARCH_USER_PATHS = NO;
				CLANG_ANALYZER_NONNULL = YES;
				CLANG_ANALYZER_NUMBER_OBJECT_CONVERSION = YES_AGGRESSIVE;
				CLANG_CXX_LANGUAGE_STANDARD = "gnu++0x";
				CLANG_CXX_LIBRARY = "libc++";
				CLANG_ENABLE_MODULES = YES;
				CLANG_ENABLE_OBJC_ARC = YES;
				CLANG_WARN_BOOL_CONVERSION = YES;
				CLANG_WARN_CONSTANT_CONVERSION = YES;
				CLANG_WARN_DIRECT_OBJC_ISA_USAGE = YES_ERROR;
				CLANG_WARN_DOCUMENTATION_COMMENTS = YES;
				CLANG_WARN_EMPTY_BODY = YES;
				CLANG_WARN_ENUM_CONVERSION = YES;
				CLANG_WARN_INFINITE_RECURSION = YES;
				CLANG_WARN_INT_CONVERSION = YES;
				CLANG_WARN_OBJC_ROOT_CLASS = YES_ERROR;
				CLANG_WARN_SUSPICIOUS_MOVE = YES;
				CLANG_WARN_UNREACHABLE_CODE = YES;
				CLANG_WARN__DUPLICATE_METHOD_MATCH = YES;
				"CODE_SIGN_IDENTITY[sdk=iphoneos*]" = "iPhone Developer";
				COPY_PHASE_STRIP = NO;
				DEBUG_INFORMATION_FORMAT = "dwarf-with-dsym";
				ENABLE_NS_ASSERTIONS = NO;
				ENABLE_STRICT_OBJC_MSGSEND = YES;
				GCC_C_LANGUAGE_STANDARD = gnu99;
				GCC_NO_COMMON_BLOCKS = YES;
				GCC_WARN_64_TO_32_BIT_CONVERSION = YES;
				GCC_WARN_ABOUT_RETURN_TYPE = YES_ERROR;
				GCC_WARN_UNDECLARED_SELECTOR = YES;
				GCC_WARN_UNINITIALIZED_AUTOS = YES_AGGRESSIVE;
				GCC_WARN_UNUSED_FUNCTION = YES;
				GCC_WARN_UNUSED_VARIABLE = YES;
				IPHONEOS_DEPLOYMENT_TARGET = 10.3;
				MTL_ENABLE_DEBUG_INFO = NO;
				SDKROOT = iphoneos;
				SWIFT_OPTIMIZATION_LEVEL = "-Owholemodule";
				VALIDATE_PRODUCT = YES;
			};
			name = Release;
		};
		00AF6FB2206D53F2009EF7DB /* Debug */ = {
			isa = XCBuildConfiguration;
			buildSettings = {
				ASSETCATALOG_COMPILER_APPICON_NAME = AppIcon;
				DEVELOPMENT_TEAM = "";
				INFOPLIST_FILE = "favourite-movies/Info.plist";
				LD_RUNPATH_SEARCH_PATHS = "$(inherited) @executable_path/Frameworks";
				PRODUCT_BUNDLE_IDENTIFIER = "com.midax.favourite-movies";
				PRODUCT_NAME = "$(TARGET_NAME)";
				SWIFT_VERSION = 3.0;
			};
			name = Debug;
		};
		00AF6FB3206D53F2009EF7DB /* Release */ = {
			isa = XCBuildConfiguration;
			buildSettings = {
				ASSETCATALOG_COMPILER_APPICON_NAME = AppIcon;
				DEVELOPMENT_TEAM = "";
				INFOPLIST_FILE = "favourite-movies/Info.plist";
				LD_RUNPATH_SEARCH_PATHS = "$(inherited) @executable_path/Frameworks";
				PRODUCT_BUNDLE_IDENTIFIER = "com.midax.favourite-movies";
				PRODUCT_NAME = "$(TARGET_NAME)";
				SWIFT_VERSION = 3.0;
			};
			name = Release;
		};
/* End XCBuildConfiguration section */

/* Begin XCConfigurationList section */
		00AF6F9A206D53F2009EF7DB /* Build configuration list for PBXProject "favourite-movies" */ = {
			isa = XCConfigurationList;
			buildConfigurations = (
				00AF6FAF206D53F2009EF7DB /* Debug */,
				00AF6FB0206D53F2009EF7DB /* Release */,
			);
			defaultConfigurationIsVisible = 0;
			defaultConfigurationName = Release;
		};
		00AF6FB1206D53F2009EF7DB /* Build configuration list for PBXNativeTarget "favourite-movies" */ = {
			isa = XCConfigurationList;
			buildConfigurations = (
				00AF6FB2206D53F2009EF7DB /* Debug */,
				00AF6FB3206D53F2009EF7DB /* Release */,
			);
			defaultConfigurationIsVisible = 0;
			defaultConfigurationName = Release;
		};
/* End XCConfigurationList section */
	};
	rootObject = 00AF6F97206D53F2009EF7DB /* Project object */;
}
